<Solution>
  <Project Path="GamelibRunner/GamelibRunner.csproj" Id="b7956530-1e00-4e6c-94c8-3151afc7f915" />
  <Project Path="Lab01/Lab01.csproj" />
  <Project Path="Lab02/Lab02.csproj" />
  <Project Path="Lab03/Lab03.csproj" Id="76be0a25-0937-41d7-8236-c3e801ba86ff" />
  <Project Path="Lab04/Lab04.csproj" Id="b41eb2bd-8397-4d89-8df7-d7c1ad4eb04f" />
  <Project Path="Lab05-mstest/Lab05-mstest.csproj" Id="452022a7-b9e1-4425-a452-b3fc3eb4b195" />
  <Project Path="Lab05-nunit/Lab05-nunit.csproj" Id="efb06dc9-1206-43f2-b939-b43c9c857d2e" />
  <Project Path="Lab06-gamelib/Lab06-gamelib.csproj" Id="53a3b75b-6138-4e51-8cf0-3607b10c12e8" />
  <Project Path="Lab07-kontrolka/Lab07-kontrolka.csproj" Id="73e0ceb2-8673-4074-9e5b-0903e0efab70" />
  <Project Path="Lab08-panel/Lab08-panel.csproj" Id="487191f1-66f9-4ca8-9ead-f92534a740e8" />
  <Project Path="Lab09-speech/Lab09-speech.csproj" Id="5b2685d9-3677-4e0f-a459-ee9865dd6785" />
  <Project Path="Lab10-gra/Lab10-gra.csproj" Id="10f2800e-20ea-44e8-aa73-c8e509bd1341" />
</Solution>
